// !$*UTF8*$!
{
	archiveVersion = 1;
	classes = {
	};
	objectVersion = 50;
	objects = {

/* Begin PBXBuildFile section */
		9D27BD8120EFE9AE00A84AE0 /* AppDelegate.swift in Sources */ = {isa = PBXBuildFile; fileRef = 9D27BD8020EFE9AE00A84AE0 /* AppDelegate.swift */; };
		9D27BD8820EFE9AF00A84AE0 /* Assets.xcassets in Resources */ = {isa = PBXBuildFile; fileRef = 9D27BD8720EFE9AF00A84AE0 /* Assets.xcassets */; };
		9D27BD8B20EFE9AF00A84AE0 /* LaunchScreen.storyboard in Resources */ = {isa = PBXBuildFile; fileRef = 9D27BD8920EFE9AF00A84AE0 /* LaunchScreen.storyboard */; };
		9D27BD9720EFE9E800A84AE0 /* APOD.swift in Sources */ = {isa = PBXBuildFile; fileRef = 9D27BD9620EFE9E800A84AE0 /* APOD.swift */; };
		9D27BD9920EFE9F000A84AE0 /* APODController.swift in Sources */ = {isa = PBXBuildFile; fileRef = 9D27BD9820EFE9F000A84AE0 /* APODController.swift */; };
		9D27BD9B20EFE9F700A84AE0 /* FileHelper.swift in Sources */ = {isa = PBXBuildFile; fileRef = 9D27BD9A20EFE9F700A84AE0 /* FileHelper.swift */; };
		9D27BD9D20EFEA0500A84AE0 /* APODCollectionViewCell.swift in Sources */ = {isa = PBXBuildFile; fileRef = 9D27BD9C20EFEA0500A84AE0 /* APODCollectionViewCell.swift */; };
		9D27BD9F20EFEA1C00A84AE0 /* MainViewController.swift in Sources */ = {isa = PBXBuildFile; fileRef = 9D27BD9E20EFEA1C00A84AE0 /* MainViewController.swift */; };
		9D27BDA120EFEAC500A84AE0 /* space.jpg in Resources */ = {isa = PBXBuildFile; fileRef = 9D27BDA020EFEAC500A84AE0 /* space.jpg */; };
		9D27BDA320EFEC3A00A84AE0 /* Colors.swift in Sources */ = {isa = PBXBuildFile; fileRef = 9D27BDA220EFEC3A00A84AE0 /* Colors.swift */; };
/* End PBXBuildFile section */

/* Begin PBXFileReference section */
		9D27BD7D20EFE9AE00A84AE0 /* AstronomyPictureOfTheDay.app */ = {isa = PBXFileReference; explicitFileType = wrapper.application; includeInIndex = 0; path = AstronomyPictureOfTheDay.app; sourceTree = BUILT_PRODUCTS_DIR; };
		9D27BD8020EFE9AE00A84AE0 /* AppDelegate.swift */ = {isa = PBXFileReference; lastKnownFileType = sourcecode.swift; path = AppDelegate.swift; sourceTree = "<group>"; };
		9D27BD8720EFE9AF00A84AE0 /* Assets.xcassets */ = {isa = PBXFileReference; lastKnownFileType = folder.assetcatalog; path = Assets.xcassets; sourceTree = "<group>"; };
		9D27BD8A20EFE9AF00A84AE0 /* Base */ = {isa = PBXFileReference; lastKnownFileType = file.storyboard; name = Base; path = Base.lproj/LaunchScreen.storyboard; sourceTree = "<group>"; };
		9D27BD8C20EFE9AF00A84AE0 /* Info.plist */ = {isa = PBXFileReference; lastKnownFileType = text.plist.xml; path = Info.plist; sourceTree = "<group>"; };
		9D27BD9620EFE9E800A84AE0 /* APOD.swift */ = {isa = PBXFileReference; lastKnownFileType = sourcecode.swift; path = APOD.swift; sourceTree = "<group>"; };
		9D27BD9820EFE9F000A84AE0 /* APODController.swift */ = {isa = PBXFileReference; lastKnownFileType = sourcecode.swift; path = APODController.swift; sourceTree = "<group>"; };
		9D27BD9A20EFE9F700A84AE0 /* FileHelper.swift */ = {isa = PBXFileReference; lastKnownFileType = sourcecode.swift; path = FileHelper.swift; sourceTree = "<group>"; };
		9D27BD9C20EFEA0500A84AE0 /* APODCollectionViewCell.swift */ = {isa = PBXFileReference; lastKnownFileType = sourcecode.swift; path = APODCollectionViewCell.swift; sourceTree = "<group>"; };
		9D27BD9E20EFEA1C00A84AE0 /* MainViewController.swift */ = {isa = PBXFileReference; lastKnownFileType = sourcecode.swift; path = MainViewController.swift; sourceTree = "<group>"; };
		9D27BDA020EFEAC500A84AE0 /* space.jpg */ = {isa = PBXFileReference; lastKnownFileType = image.jpeg; path = space.jpg; sourceTree = "<group>"; };
		9D27BDA220EFEC3A00A84AE0 /* Colors.swift */ = {isa = PBXFileReference; lastKnownFileType = sourcecode.swift; path = Colors.swift; sourceTree = "<group>"; };
/* End PBXFileReference section */

/* Begin PBXFrameworksBuildPhase section */
		9D27BD7A20EFE9AE00A84AE0 /* Frameworks */ = {
			isa = PBXFrameworksBuildPhase;
			buildActionMask = 2147483647;
			files = (
			);
			runOnlyForDeploymentPostprocessing = 0;
		};
/* End PBXFrameworksBuildPhase section */

/* Begin PBXGroup section */
		9D27BD7420EFE9AE00A84AE0 = {
			isa = PBXGroup;
			children = (
				9D27BD7F20EFE9AE00A84AE0 /* AstronomyPictureOfTheDay */,
				9D27BD7E20EFE9AE00A84AE0 /* Products */,
			);
			sourceTree = "<group>";
		};
		9D27BD7E20EFE9AE00A84AE0 /* Products */ = {
			isa = PBXGroup;
			children = (
				9D27BD7D20EFE9AE00A84AE0 /* AstronomyPictureOfTheDay.app */,
			);
			name = Products;
			sourceTree = "<group>";
		};
		9D27BD7F20EFE9AE00A84AE0 /* AstronomyPictureOfTheDay */ = {
			isa = PBXGroup;
			children = (
				9D27BD8020EFE9AE00A84AE0 /* AppDelegate.swift */,
				9D27BD9520EFE9CE00A84AE0 /* Model */,
				9D27BD9420EFE9C900A84AE0 /* ModelController */,
				9D27BD9320EFE9C100A84AE0 /* ViewController */,
				9D27BD9220EFE9B600A84AE0 /* Resources */,
			);
			path = AstronomyPictureOfTheDay;
			sourceTree = "<group>";
		};
		9D27BD9220EFE9B600A84AE0 /* Resources */ = {
			isa = PBXGroup;
			children = (
				9D27BDA020EFEAC500A84AE0 /* space.jpg */,
				9D27BD8720EFE9AF00A84AE0 /* Assets.xcassets */,
				9D27BD8920EFE9AF00A84AE0 /* LaunchScreen.storyboard */,
				9D27BD8C20EFE9AF00A84AE0 /* Info.plist */,
				9D27BDA220EFEC3A00A84AE0 /* Colors.swift */,
			);
			path = Resources;
			sourceTree = "<group>";
		};
		9D27BD9320EFE9C100A84AE0 /* ViewController */ = {
			isa = PBXGroup;
			children = (
				9D27BD9C20EFEA0500A84AE0 /* APODCollectionViewCell.swift */,
				9D27BD9E20EFEA1C00A84AE0 /* MainViewController.swift */,
			);
			path = ViewController;
			sourceTree = "<group>";
		};
		9D27BD9420EFE9C900A84AE0 /* ModelController */ = {
			isa = PBXGroup;
			children = (
				9D27BD9820EFE9F000A84AE0 /* APODController.swift */,
				9D27BD9A20EFE9F700A84AE0 /* FileHelper.swift */,
			);
			path = ModelController;
			sourceTree = "<group>";
		};
		9D27BD9520EFE9CE00A84AE0 /* Model */ = {
			isa = PBXGroup;
			children = (
				9D27BD9620EFE9E800A84AE0 /* APOD.swift */,
			);
			path = Model;
			sourceTree = "<group>";
		};
/* End PBXGroup section */

/* Begin PBXNativeTarget section */
		9D27BD7C20EFE9AE00A84AE0 /* AstronomyPictureOfTheDay */ = {
			isa = PBXNativeTarget;
			buildConfigurationList = 9D27BD8F20EFE9AF00A84AE0 /* Build configuration list for PBXNativeTarget "AstronomyPictureOfTheDay" */;
			buildPhases = (
				9D27BD7920EFE9AE00A84AE0 /* Sources */,
				9D27BD7A20EFE9AE00A84AE0 /* Frameworks */,
				9D27BD7B20EFE9AE00A84AE0 /* Resources */,
			);
			buildRules = (
			);
			dependencies = (
			);
			name = AstronomyPictureOfTheDay;
			productName = AstronomyPictureOfTheDay;
			productReference = 9D27BD7D20EFE9AE00A84AE0 /* AstronomyPictureOfTheDay.app */;
			productType = "com.apple.product-type.application";
		};
/* End PBXNativeTarget section */

/* Begin PBXProject section */
		9D27BD7520EFE9AE00A84AE0 /* Project object */ = {
			isa = PBXProject;
			attributes = {
				LastSwiftUpdateCheck = 0940;
				LastUpgradeCheck = 0940;
				ORGANIZATIONNAME = JamesNeeley;
				TargetAttributes = {
					9D27BD7C20EFE9AE00A84AE0 = {
						CreatedOnToolsVersion = 9.4.1;
					};
				};
			};
			buildConfigurationList = 9D27BD7820EFE9AE00A84AE0 /* Build configuration list for PBXProject "AstronomyPictureOfTheDay" */;
			compatibilityVersion = "Xcode 9.3";
			developmentRegion = en;
			hasScannedForEncodings = 0;
			knownRegions = (
				en,
				Base,
			);
			mainGroup = 9D27BD7420EFE9AE00A84AE0;
			productRefGroup = 9D27BD7E20EFE9AE00A84AE0 /* Products */;
			projectDirPath = "";
			projectRoot = "";
			targets = (
				9D27BD7C20EFE9AE00A84AE0 /* AstronomyPictureOfTheDay */,
			);
		};
/* End PBXProject section */

/* Begin PBXResourcesBuildPhase section */
		9D27BD7B20EFE9AE00A84AE0 /* Resources */ = {
			isa = PBXResourcesBuildPhase;
			buildActionMask = 2147483647;
			files = (
				9D27BD8B20EFE9AF00A84AE0 /* LaunchScreen.storyboard in Resources */,
				9D27BDA120EFEAC500A84AE0 /* space.jpg in Resources */,
				9D27BD8820EFE9AF00A84AE0 /* Assets.xcassets in Resources */,
			);
			runOnlyForDeploymentPostprocessing = 0;
		};
/* End PBXResourcesBuildPhase section */

/* Begin PBXSourcesBuildPhase section */
		9D27BD7920EFE9AE00A84AE0 /* Sources */ = {
			isa = PBXSourcesBuildPhase;
			buildActionMask = 2147483647;
			files = (
				9D27BD9D20EFEA0500A84AE0 /* APODCollectionViewCell.swift in Sources */,
				9D27BD8120EFE9AE00A84AE0 /* AppDelegate.swift in Sources */,
				9D27BD9720EFE9E800A84AE0 /* APOD.swift in Sources */,
				9D27BDA320EFEC3A00A84AE0 /* Colors.swift in Sources */,
				9D27BD9F20EFEA1C00A84AE0 /* MainViewController.swift in Sources */,
				9D27BD9920EFE9F000A84AE0 /* APODController.swift in Sources */,
				9D27BD9B20EFE9F700A84AE0 /* FileHelper.swift in Sources */,
			);
			runOnlyForDeploymentPostprocessing = 0;
		};
/* End PBXSourcesBuildPhase section */

/* Begin PBXVariantGroup section */
		9D27BD8920EFE9AF00A84AE0 /* LaunchScreen.storyboard */ = {
			isa = PBXVariantGroup;
			children = (
				9D27BD8A20EFE9AF00A84AE0 /* Base */,
			);
			name = LaunchScreen.storyboard;
			sourceTree = "<group>";
		};
/* End PBXVariantGroup section */

/* Begin XCBuildConfiguration section */
		9D27BD8D20EFE9AF00A84AE0 /* Debug */ = {
			isa = XCBuildConfiguration;
			buildSettings = {
				ALWAYS_SEARCH_USER_PATHS = NO;
				CLANG_ANALYZER_NONNULL = YES;
				CLANG_ANALYZER_NUMBER_OBJECT_CONVERSION = YES_AGGRESSIVE;
				CLANG_CXX_LANGUAGE_STANDARD = "gnu++14";
				CLANG_CXX_LIBRARY = "libc++";
				CLANG_ENABLE_MODULES = YES;
				CLANG_ENABLE_OBJC_ARC = YES;
				CLANG_ENABLE_OBJC_WEAK = YES;
				CLANG_WARN_BLOCK_CAPTURE_AUTORELEASING = YES;
				CLANG_WARN_BOOL_CONVERSION = YES;
				CLANG_WARN_COMMA = YES;
				CLANG_WARN_CONSTANT_CONVERSION = YES;
				CLANG_WARN_DEPRECATED_OBJC_IMPLEMENTATIONS = YES;
				CLANG_WARN_DIRECT_OBJC_ISA_USAGE = YES_ERROR;
				CLANG_WARN_DOCUMENTATION_COMMENTS = YES;
				CLANG_WARN_EMPTY_BODY = YES;
				CLANG_WARN_ENUM_CONVERSION = YES;
				CLANG_WARN_INFINITE_RECURSION = YES;
				CLANG_WARN_INT_CONVERSION = YES;
				CLANG_WARN_NON_LITERAL_NULL_CONVERSION = YES;
				CLANG_WARN_OBJC_IMPLICIT_RETAIN_SELF = YES;
				CLANG_WARN_OBJC_LITERAL_CONVERSION = YES;
				CLANG_WARN_OBJC_ROOT_CLASS = YES_ERROR;
				CLANG_WARN_RANGE_LOOP_ANALYSIS = YES;
				CLANG_WARN_STRICT_PROTOTYPES = YES;
				CLANG_WARN_SUSPICIOUS_MOVE = YES;
				CLANG_WARN_UNGUARDED_AVAILABILITY = YES_AGGRESSIVE;
				CLANG_WARN_UNREACHABLE_CODE = YES;
				CLANG_WARN__DUPLICATE_METHOD_MATCH = YES;
				CODE_SIGN_IDENTITY = "iPhone Developer";
				COPY_PHASE_STRIP = NO;
				DEBUG_INFORMATION_FORMAT = dwarf;
				ENABLE_STRICT_OBJC_MSGSEND = YES;
				ENABLE_TESTABILITY = YES;
				GCC_C_LANGUAGE_STANDARD = gnu11;
				GCC_DYNAMIC_NO_PIC = NO;
				GCC_NO_COMMON_BLOCKS = YES;
				GCC_OPTIMIZATION_LEVEL = 0;
				GCC_PREPROCESSOR_DEFINITIONS = (
					"DEBUG=1",
					"$(inherited)",
				);
				GCC_WARN_64_TO_32_BIT_CONVERSION = YES;
				GCC_WARN_ABOUT_RETURN_TYPE = YES_ERROR;
				GCC_WARN_UNDECLARED_SELECTOR = YES;
				GCC_WARN_UNINITIALIZED_AUTOS = YES_AGGRESSIVE;
				GCC_WARN_UNUSED_FUNCTION = YES;
				GCC_WARN_UNUSED_VARIABLE = YES;
				IPHONEOS_DEPLOYMENT_TARGET = 11.4;
				MTL_ENABLE_DEBUG_INFO = YES;
				ONLY_ACTIVE_ARCH = YES;
				SDKROOT = iphoneos;
				SWIFT_ACTIVE_COMPILATION_CONDITIONS = DEBUG;
				SWIFT_OPTIMIZATION_LEVEL = "-Onone";
			};
			name = Debug;
		};
		9D27BD8E20EFE9AF00A84AE0 /* Release */ = {
			isa = XCBuildConfiguration;
			buildSettings = {
				ALWAYS_SEARCH_USER_PATHS = NO;
				CLANG_ANALYZER_NONNULL = YES;
				CLANG_ANALYZER_NUMBER_OBJECT_CONVERSION = YES_AGGRESSIVE;
				CLANG_CXX_LANGUAGE_STANDARD = "gnu++14";
				CLANG_CXX_LIBRARY = "libc++";
				CLANG_ENABLE_MODULES = YES;
				CLANG_ENABLE_OBJC_ARC = YES;
				CLANG_ENABLE_OBJC_WEAK = YES;
				CLANG_WARN_BLOCK_CAPTURE_AUTORELEASING = YES;
				CLANG_WARN_BOOL_CONVERSION = YES;
				CLANG_WARN_COMMA = YES;
				CLANG_WARN_CONSTANT_CONVERSION = YES;
				CLANG_WARN_DEPRECATED_OBJC_IMPLEMENTATIONS = YES;
				CLANG_WARN_DIRECT_OBJC_ISA_USAGE = YES_ERROR;
				CLANG_WARN_DOCUMENTATION_COMMENTS = YES;
				CLANG_WARN_EMPTY_BODY = YES;
				CLANG_WARN_ENUM_CONVERSION = YES;
				CLANG_WARN_INFINITE_RECURSION = YES;
				CLANG_WARN_INT_CONVERSION = YES;
				CLANG_WARN_NON_LITERAL_NULL_CONVERSION = YES;
				CLANG_WARN_OBJC_IMPLICIT_RETAIN_SELF = YES;
				CLANG_WARN_OBJC_LITERAL_CONVERSION = YES;
				CLANG_WARN_OBJC_ROOT_CLASS = YES_ERROR;
				CLANG_WARN_RANGE_LOOP_ANALYSIS = YES;
				CLANG_WARN_STRICT_PROTOTYPES = YES;
				CLANG_WARN_SUSPICIOUS_MOVE = YES;
				CLANG_WARN_UNGUARDED_AVAILABILITY = YES_AGGRESSIVE;
				CLANG_WARN_UNREACHABLE_CODE = YES;
				CLANG_WARN__DUPLICATE_METHOD_MATCH = YES;
				CODE_SIGN_IDENTITY = "iPhone Developer";
				COPY_PHASE_STRIP = NO;
				DEBUG_INFORMATION_FORMAT = "dwarf-with-dsym";
				ENABLE_NS_ASSERTIONS = NO;
				ENABLE_STRICT_OBJC_MSGSEND = YES;
				GCC_C_LANGUAGE_STANDARD = gnu11;
				GCC_NO_COMMON_BLOCKS = YES;
				GCC_WARN_64_TO_32_BIT_CONVERSION = YES;
				GCC_WARN_ABOUT_RETURN_TYPE = YES_ERROR;
				GCC_WARN_UNDECLARED_SELECTOR = YES;
				GCC_WARN_UNINITIALIZED_AUTOS = YES_AGGRESSIVE;
				GCC_WARN_UNUSED_FUNCTION = YES;
				GCC_WARN_UNUSED_VARIABLE = YES;
				IPHONEOS_DEPLOYMENT_TARGET = 11.4;
				MTL_ENABLE_DEBUG_INFO = NO;
				SDKROOT = iphoneos;
				SWIFT_COMPILATION_MODE = wholemodule;
				SWIFT_OPTIMIZATION_LEVEL = "-O";
				VALIDATE_PRODUCT = YES;
			};
			name = Release;
		};
		9D27BD9020EFE9AF00A84AE0 /* Debug */ = {
			isa = XCBuildConfiguration;
			buildSettings = {
				ASSETCATALOG_COMPILER_APPICON_NAME = AppIcon;
				CODE_SIGN_STYLE = Automatic;
				DEVELOPMENT_TEAM = 9A24X3MLF7;
				INFOPLIST_FILE = "$(SRCROOT)/AstronomyPictureOfTheDay/Resources/Info.plist";
				LD_RUNPATH_SEARCH_PATHS = (
					"$(inherited)",
					"@executable_path/Frameworks",
				);
				PRODUCT_BUNDLE_IDENTIFIER = com.JamesNeeley.AstronomyPictureOfTheDay;
				PRODUCT_NAME = "$(TARGET_NAME)";
				SWIFT_VERSION = 4.0;
				TARGETED_DEVICE_FAMILY = "1,2";
			};
			name = Debug;
		};
		9D27BD9120EFE9AF00A84AE0 /* Release */ = {
			isa = XCBuildConfiguration;
			buildSettings = {
				ASSETCATALOG_COMPILER_APPICON_NAME = AppIcon;
				CODE_SIGN_STYLE = Automatic;
				DEVELOPMENT_TEAM = 9A24X3MLF7;
				INFOPLIST_FILE = "$(SRCROOT)/AstronomyPictureOfTheDay/Resources/Info.plist";
				LD_RUNPATH_SEARCH_PATHS = (
					"$(inherited)",
					"@executable_path/Frameworks",
				);
				PRODUCT_BUNDLE_IDENTIFIER = com.JamesNeeley.AstronomyPictureOfTheDay;
				PRODUCT_NAME = "$(TARGET_NAME)";
				SWIFT_VERSION = 4.0;
				TARGETED_DEVICE_FAMILY = "1,2";
			};
			name = Release;
		};
/* End XCBuildConfiguration section */

/* Begin XCConfigurationList section */
		9D27BD7820EFE9AE00A84AE0 /* Build configuration list for PBXProject "AstronomyPictureOfTheDay" */ = {
			isa = XCConfigurationList;
			buildConfigurations = (
				9D27BD8D20EFE9AF00A84AE0 /* Debug */,
				9D27BD8E20EFE9AF00A84AE0 /* Release */,
			);
			defaultConfigurationIsVisible = 0;
			defaultConfigurationName = Release;
		};
		9D27BD8F20EFE9AF00A84AE0 /* Build configuration list for PBXNativeTarget "AstronomyPictureOfTheDay" */ = {
			isa = XCConfigurationList;
			buildConfigurations = (
				9D27BD9020EFE9AF00A84AE0 /* Debug */,
				9D27BD9120EFE9AF00A84AE0 /* Release */,
			);
			defaultConfigurationIsVisible = 0;
			defaultConfigurationName = Release;
		};
/* End XCConfigurationList section */
	};
	rootObject = 9D27BD7520EFE9AE00A84AE0 /* Project object */;
}
